{
  "name": "selderee",
  "version": "0.8.1",
  "lockfileVersion": 2,
  "requires": true,
  "packages": {
    "": {
      "name": "selderee",
      "version": "0.8.1",
      "license": "MIT",
      "dependencies": {
        "parseley": "^0.9.1"
      },
      "funding": {
        "url": "https://ko-fi.com/killymxi"
      }
    },
    "node_modules/leac": {
      "version": "0.5.0",
      "resolved": "https://registry.npmjs.org/leac/-/leac-0.5.0.tgz",
      "integrity": "sha512-J2/U9/PVJ3P6b0tT5qKPoFYNs8MWTs8U5EiKo1wTdVFwjmDbEdxTKM1OUbjUPL7KPwepqmaxDvgxWovrA7qH3w==",
      "funding": {
        "url": "https://ko-fi.com/killymxi"
      }
    },
    "node_modules/parseley": {
      "version": "0.9.1",
      "resolved": "https://registry.npmjs.org/parseley/-/parseley-0.9.1.tgz",
      "integrity": "sha512-nA3YKrbL2t4vhenGoOVANeOh2F2nnbupQQnWH+K5ZekItYrhuKvuuTV7DSSjNTqvrbVO2cudAqJCaeiPX3/VZA==",
      "dependencies": {
        "leac": "^0.5.0",
        "peberminta": "^0.5.4"
      },
      "funding": {
        "url": "https://ko-fi.com/killymxi"
      }
    },
    "node_modules/peberminta": {
      "version": "0.5.4",
      "resolved": "https://registry.npmjs.org/peberminta/-/peberminta-0.5.4.tgz",
      "integrity": "sha512-IeOhK7B4Wtr5pvnB82W8VdGBbVHkmeqaxX346nESXTksBSVXhmQTVBasfqN/pE8RUaeFEwXK5fD1nV/TIc5LKw==",
      "funding": {
        "url": "https://ko-fi.com/killymxi"
      }
    }
  },
  "dependencies": {
    "leac": {
      "version": "0.5.0",
      "resolved": "https://registry.npmjs.org/leac/-/leac-0.5.0.tgz",
      "integrity": "sha512-J2/U9/PVJ3P6b0tT5qKPoFYNs8MWTs8U5EiKo1wTdVFwjmDbEdxTKM1OUbjUPL7KPwepqmaxDvgxWovrA7qH3w=="
    },
    "parseley": {
      "version": "0.9.1",
      "resolved": "https://registry.npmjs.org/parseley/-/parseley-0.9.1.tgz",
      "integrity": "sha512-nA3YKrbL2t4vhenGoOVANeOh2F2nnbupQQnWH+K5ZekItYrhuKvuuTV7DSSjNTqvrbVO2cudAqJCaeiPX3/VZA==",
      "requires": {
        "leac": "^0.5.0",
        "peberminta": "^0.5.4"
      }
    },
    "peberminta": {
      "version": "0.5.4",
      "resolved": "https://registry.npmjs.org/peberminta/-/peberminta-0.5.4.tgz",
      "integrity": "sha512-IeOhK7B4Wtr5pvnB82W8VdGBbVHkmeqaxX346nESXTksBSVXhmQTVBasfqN/pE8RUaeFEwXK5fD1nV/TIc5LKw=="
    }
  }
}
